
Microsoft Visual Studio Solution File, Format Version 12.00
# Visual Studio Version 16
VisualStudioVersion = 16.0.30523.141
MinimumVisualStudioVersion = 10.0.40219.1
Project("{9A19103F-16F7-4668-BE54-9A1E7A4F7556}") = "Jinkong.Bank", "src\Jinkong.Bank\Jinkong.Bank.csproj", "{A399EC70-2826-4DAD-9E98-09E7D0DA563D}"
EndProject
Project("{9A19103F-16F7-4668-BE54-9A1E7A4F7556}") = "Jinkong.Enums", "src\Jinkong.Enums\Jinkong.Enums.csproj", "{2201FCBE-B3F5-49AA-A1DE-238E1FE0CAE7}"
EndProject
Project("{9A19103F-16F7-4668-BE54-9A1E7A4F7556}") = "Jinkong.GeoCoder", "src\Jinkong.GeoCoder\Jinkong.GeoCoder.csproj", "{490AF7E3-00CF-41B1-90BE-20B128F60318}"
EndProject
Project("{9A19103F-16F7-4668-BE54-9A1E7A4F7556}") = "Jinkong.NLogger", "src\Jinkong.NLogger\Jinkong.NLogger.csproj", "{0F104D7C-A6B9-4A9F-9220-0CFF44349383}"
EndProject
Project("{9A19103F-16F7-4668-BE54-9A1E7A4F7556}") = "Jinkong.NLogger.Mysql", "src\Jinkong.NLogger.Mysql\Jinkong.NLogger.Mysql.csproj", "{2360730E-6E5E-4CB9-8743-6C665E2C195D}"
EndProject
Project("{9A19103F-16F7-4668-BE54-9A1E7A4F7556}") = "Jinkong.RC.Config", "src\Jinkong.RC.Config\Jinkong.RC.Config.csproj", "{9D570A35-0B66-4C31-9B22-84DD23FD9387}"
EndProject
Project("{9A19103F-16F7-4668-BE54-9A1E7A4F7556}") = "Jinkong.Timer", "src\Jinkong.Timer\Jinkong.Timer.csproj", "{808A7EAE-0FFE-4AA4-AAF0-721FD8B7FC66}"
EndProject
Project("{9A19103F-16F7-4668-BE54-9A1E7A4F7556}") = "Jinkong.Version.Mysql", "src\Jinkong.Version.Mysql\Jinkong.Version.Mysql.csproj", "{0DD3533C-1ABB-4AB9-8929-01BD1535B994}"
EndProject
Project("{9A19103F-16F7-4668-BE54-9A1E7A4F7556}") = "Jinkong.RC.Config.Demo", "src\Jinkong.RC.Config.Demo\Jinkong.RC.Config.Demo.csproj", "{20B326E1-882F-4206-A040-8FFCD59E05AB}"
EndProject
Project("{2150E333-8FDC-42A3-9474-1A3956D46DE8}") = "hangfire", "hangfire", "{E44FEAD1-B915-496C-A6F6-08740CFE8377}"
EndProject
Project("{9A19103F-16F7-4668-BE54-9A1E7A4F7556}") = "Hangfire.Redis.CSRedisCore", "src\Hangfire.Redis.CSRedisCore\Hangfire.Redis.CSRedisCore\Hangfire.Redis.CSRedisCore.csproj", "{6C399508-DF6C-4D4D-85A0-A278ECE5A67C}"
EndProject
Project("{9A19103F-16F7-4668-BE54-9A1E7A4F7556}") = "Jinkong.Hangfire", "src\Jinkong.Hangfire\Jinkong.Hangfire.csproj", "{D974A87F-A1B6-421A-A51E-6B3A7C7604E7}"
EndProject
Project("{9A19103F-16F7-4668-BE54-9A1E7A4F7556}") = "Jinkong.Hangfire.Redis", "src\Jinkong.Hangfire.Redis\Jinkong.Hangfire.Redis.csproj", "{A9C4106C-E31E-44CF-991D-6BD50B5F072E}"
EndProject
Project("{9A19103F-16F7-4668-BE54-9A1E7A4F7556}") = "Jinkong.AliVideo", "src\Jinkong.AliVideo\Jinkong.AliVideo.csproj", "{166357B1-99B8-455D-9891-BE5F88C2E408}"
EndProject
Project("{9A19103F-16F7-4668-BE54-9A1E7A4F7556}") = "Jinkong.SecurityProxyClient", "src\Jinkong.SecurityProxyClient\Jinkong.SecurityProxyClient.csproj", "{345F1A17-7039-49D4-B40F-8182C66F4422}"
EndProject
Project("{2150E333-8FDC-42A3-9474-1A3956D46DE8}") = "wx", "wx", "{189C6515-9E39-4DC5-9EB3-551F60718014}"
EndProject
Project("{FAE04EC0-301F-11D3-BF4B-00C04F79EFBC}") = "Jinkong.Senparc.CsRedis", "src\Jinkong.Senparc.CsRedis\Jinkong.Senparc.CsRedis.csproj", "{4A4C1761-72D2-46AD-A237-64020465B628}"
EndProject
Project("{FAE04EC0-301F-11D3-BF4B-00C04F79EFBC}") = "Jinkong.Wx", "src\Jinkong.Wx\Jinkong.Wx.csproj", "{C00B1D55-E500-45D9-A31C-F9EA5B691281}"
EndProject
Project("{FAE04EC0-301F-11D3-BF4B-00C04F79EFBC}") = "Jinkong.Hangfire.AspNetCore", "src\Jinkong.Hangfire.AspNetCore\Jinkong.Hangfire.AspNetCore.csproj", "{0393D2BC-FEED-4AEE-8B2A-9B192A4BCE06}"
EndProject
Project("{FAE04EC0-301F-11D3-BF4B-00C04F79EFBC}") = "Jinkong.Wx.AspNetCore", "src\Jinkong.Wx.AspNetCore\Jinkong.Wx.AspNetCore.csproj", "{63743144-3D10-4C88-9A5A-C2757C95B369}"
EndProject
Project("{FAE04EC0-301F-11D3-BF4B-00C04F79EFBC}") = "Jinkong.Payment", "src\Jinkong.Payment\Jinkong.Payment.csproj", "{27C633A2-FF1D-4D20-8FE5-B0EE386F26BF}"
EndProject
Project("{2150E333-8FDC-42A3-9474-1A3956D46DE8}") = "pay", "pay", "{20A8977F-0D09-432B-A355-770C91D55EB8}"
EndProject
Project("{FAE04EC0-301F-11D3-BF4B-00C04F79EFBC}") = "Jinkong.Payment.Abstract", "src\Jinkong.Payment.Abstract\Jinkong.Payment.Abstract.csproj", "{59439F41-4504-432D-9423-97EF72106832}"
EndProject
Project("{FAE04EC0-301F-11D3-BF4B-00C04F79EFBC}") = "Jinkong.Payment.EfStore", "src\Jinkong.Payment.EfStore\Jinkong.Payment.EfStore.csproj", "{9008FB3B-DDD0-4405-B12E-C69673C86669}"
EndProject
Project("{FAE04EC0-301F-11D3-BF4B-00C04F79EFBC}") = "Jinkong.Version.Postgres", "src\Jinkong.Version.Postgres\Jinkong.Version.Postgres.csproj", "{A545BA41-BF41-470F-BAE1-D8EEC409DB9F}"
EndProject
Global
	GlobalSection(SolutionConfigurationPlatforms) = preSolution
		Debug|Any CPU = Debug|Any CPU
		Release|Any CPU = Release|Any CPU
	EndGlobalSection
	GlobalSection(ProjectConfigurationPlatforms) = postSolution
		{A399EC70-2826-4DAD-9E98-09E7D0DA563D}.Debug|Any CPU.ActiveCfg = Debug|Any CPU
		{A399EC70-2826-4DAD-9E98-09E7D0DA563D}.Debug|Any CPU.Build.0 = Debug|Any CPU
		{A399EC70-2826-4DAD-9E98-09E7D0DA563D}.Release|Any CPU.ActiveCfg = Release|Any CPU
		{A399EC70-2826-4DAD-9E98-09E7D0DA563D}.Release|Any CPU.Build.0 = Release|Any CPU
		{2201FCBE-B3F5-49AA-A1DE-238E1FE0CAE7}.Debug|Any CPU.ActiveCfg = Debug|Any CPU
		{2201FCBE-B3F5-49AA-A1DE-238E1FE0CAE7}.Debug|Any CPU.Build.0 = Debug|Any CPU
		{2201FCBE-B3F5-49AA-A1DE-238E1FE0CAE7}.Release|Any CPU.ActiveCfg = Release|Any CPU
		{2201FCBE-B3F5-49AA-A1DE-238E1FE0CAE7}.Release|Any CPU.Build.0 = Release|Any CPU
		{490AF7E3-00CF-41B1-90BE-20B128F60318}.Debug|Any CPU.ActiveCfg = Debug|Any CPU
		{490AF7E3-00CF-41B1-90BE-20B128F60318}.Debug|Any CPU.Build.0 = Debug|Any CPU
		{490AF7E3-00CF-41B1-90BE-20B128F60318}.Release|Any CPU.ActiveCfg = Release|Any CPU
		{490AF7E3-00CF-41B1-90BE-20B128F60318}.Release|Any CPU.Build.0 = Release|Any CPU
		{0F104D7C-A6B9-4A9F-9220-0CFF44349383}.Debug|Any CPU.ActiveCfg = Debug|Any CPU
		{0F104D7C-A6B9-4A9F-9220-0CFF44349383}.Debug|Any CPU.Build.0 = Debug|Any CPU
		{0F104D7C-A6B9-4A9F-9220-0CFF44349383}.Release|Any CPU.ActiveCfg = Release|Any CPU
		{0F104D7C-A6B9-4A9F-9220-0CFF44349383}.Release|Any CPU.Build.0 = Release|Any CPU
		{2360730E-6E5E-4CB9-8743-6C665E2C195D}.Debug|Any CPU.ActiveCfg = Debug|Any CPU
		{2360730E-6E5E-4CB9-8743-6C665E2C195D}.Debug|Any CPU.Build.0 = Debug|Any CPU
		{2360730E-6E5E-4CB9-8743-6C665E2C195D}.Release|Any CPU.ActiveCfg = Release|Any CPU
		{2360730E-6E5E-4CB9-8743-6C665E2C195D}.Release|Any CPU.Build.0 = Release|Any CPU
		{9D570A35-0B66-4C31-9B22-84DD23FD9387}.Debug|Any CPU.ActiveCfg = Debug|Any CPU
		{9D570A35-0B66-4C31-9B22-84DD23FD9387}.Debug|Any CPU.Build.0 = Debug|Any CPU
		{9D570A35-0B66-4C31-9B22-84DD23FD9387}.Release|Any CPU.ActiveCfg = Release|Any CPU
		{9D570A35-0B66-4C31-9B22-84DD23FD9387}.Release|Any CPU.Build.0 = Release|Any CPU
		{808A7EAE-0FFE-4AA4-AAF0-721FD8B7FC66}.Debug|Any CPU.ActiveCfg = Debug|Any CPU
		{808A7EAE-0FFE-4AA4-AAF0-721FD8B7FC66}.Debug|Any CPU.Build.0 = Debug|Any CPU
		{808A7EAE-0FFE-4AA4-AAF0-721FD8B7FC66}.Release|Any CPU.ActiveCfg = Release|Any CPU
		{808A7EAE-0FFE-4AA4-AAF0-721FD8B7FC66}.Release|Any CPU.Build.0 = Release|Any CPU
		{0DD3533C-1ABB-4AB9-8929-01BD1535B994}.Debug|Any CPU.ActiveCfg = Debug|Any CPU
		{0DD3533C-1ABB-4AB9-8929-01BD1535B994}.Debug|Any CPU.Build.0 = Debug|Any CPU
		{0DD3533C-1ABB-4AB9-8929-01BD1535B994}.Release|Any CPU.ActiveCfg = Release|Any CPU
		{0DD3533C-1ABB-4AB9-8929-01BD1535B994}.Release|Any CPU.Build.0 = Release|Any CPU
		{20B326E1-882F-4206-A040-8FFCD59E05AB}.Debug|Any CPU.ActiveCfg = Debug|Any CPU
		{20B326E1-882F-4206-A040-8FFCD59E05AB}.Debug|Any CPU.Build.0 = Debug|Any CPU
		{20B326E1-882F-4206-A040-8FFCD59E05AB}.Release|Any CPU.ActiveCfg = Release|Any CPU
		{20B326E1-882F-4206-A040-8FFCD59E05AB}.Release|Any CPU.Build.0 = Release|Any CPU
		{6C399508-DF6C-4D4D-85A0-A278ECE5A67C}.Debug|Any CPU.ActiveCfg = Debug|Any CPU
		{6C399508-DF6C-4D4D-85A0-A278ECE5A67C}.Debug|Any CPU.Build.0 = Debug|Any CPU
		{6C399508-DF6C-4D4D-85A0-A278ECE5A67C}.Release|Any CPU.ActiveCfg = Release|Any CPU
		{6C399508-DF6C-4D4D-85A0-A278ECE5A67C}.Release|Any CPU.Build.0 = Release|Any CPU
		{D974A87F-A1B6-421A-A51E-6B3A7C7604E7}.Debug|Any CPU.ActiveCfg = Debug|Any CPU
		{D974A87F-A1B6-421A-A51E-6B3A7C7604E7}.Debug|Any CPU.Build.0 = Debug|Any CPU
		{D974A87F-A1B6-421A-A51E-6B3A7C7604E7}.Release|Any CPU.ActiveCfg = Release|Any CPU
		{D974A87F-A1B6-421A-A51E-6B3A7C7604E7}.Release|Any CPU.Build.0 = Release|Any CPU
		{A9C4106C-E31E-44CF-991D-6BD50B5F072E}.Debug|Any CPU.ActiveCfg = Debug|Any CPU
		{A9C4106C-E31E-44CF-991D-6BD50B5F072E}.Debug|Any CPU.Build.0 = Debug|Any CPU
		{A9C4106C-E31E-44CF-991D-6BD50B5F072E}.Release|Any CPU.ActiveCfg = Release|Any CPU
		{A9C4106C-E31E-44CF-991D-6BD50B5F072E}.Release|Any CPU.Build.0 = Release|Any CPU
		{166357B1-99B8-455D-9891-BE5F88C2E408}.Debug|Any CPU.ActiveCfg = Debug|Any CPU
		{166357B1-99B8-455D-9891-BE5F88C2E408}.Debug|Any CPU.Build.0 = Debug|Any CPU
		{166357B1-99B8-455D-9891-BE5F88C2E408}.Release|Any CPU.ActiveCfg = Release|Any CPU
		{166357B1-99B8-455D-9891-BE5F88C2E408}.Release|Any CPU.Build.0 = Release|Any CPU
		{345F1A17-7039-49D4-B40F-8182C66F4422}.Debug|Any CPU.ActiveCfg = Debug|Any CPU
		{345F1A17-7039-49D4-B40F-8182C66F4422}.Debug|Any CPU.Build.0 = Debug|Any CPU
		{345F1A17-7039-49D4-B40F-8182C66F4422}.Release|Any CPU.ActiveCfg = Release|Any CPU
		{345F1A17-7039-49D4-B40F-8182C66F4422}.Release|Any CPU.Build.0 = Release|Any CPU
		{4A4C1761-72D2-46AD-A237-64020465B628}.Debug|Any CPU.ActiveCfg = Debug|Any CPU
		{4A4C1761-72D2-46AD-A237-64020465B628}.Debug|Any CPU.Build.0 = Debug|Any CPU
		{4A4C1761-72D2-46AD-A237-64020465B628}.Release|Any CPU.ActiveCfg = Release|Any CPU
		{4A4C1761-72D2-46AD-A237-64020465B628}.Release|Any CPU.Build.0 = Release|Any CPU
		{C00B1D55-E500-45D9-A31C-F9EA5B691281}.Debug|Any CPU.ActiveCfg = Debug|Any CPU
		{C00B1D55-E500-45D9-A31C-F9EA5B691281}.Debug|Any CPU.Build.0 = Debug|Any CPU
		{C00B1D55-E500-45D9-A31C-F9EA5B691281}.Release|Any CPU.ActiveCfg = Release|Any CPU
		{C00B1D55-E500-45D9-A31C-F9EA5B691281}.Release|Any CPU.Build.0 = Release|Any CPU
		{0393D2BC-FEED-4AEE-8B2A-9B192A4BCE06}.Debug|Any CPU.ActiveCfg = Debug|Any CPU
		{0393D2BC-FEED-4AEE-8B2A-9B192A4BCE06}.Debug|Any CPU.Build.0 = Debug|Any CPU
		{0393D2BC-FEED-4AEE-8B2A-9B192A4BCE06}.Release|Any CPU.ActiveCfg = Release|Any CPU
		{0393D2BC-FEED-4AEE-8B2A-9B192A4BCE06}.Release|Any CPU.Build.0 = Release|Any CPU
		{63743144-3D10-4C88-9A5A-C2757C95B369}.Debug|Any CPU.ActiveCfg = Debug|Any CPU
		{63743144-3D10-4C88-9A5A-C2757C95B369}.Debug|Any CPU.Build.0 = Debug|Any CPU
		{63743144-3D10-4C88-9A5A-C2757C95B369}.Release|Any CPU.ActiveCfg = Release|Any CPU
		{63743144-3D10-4C88-9A5A-C2757C95B369}.Release|Any CPU.Build.0 = Release|Any CPU
		{27C633A2-FF1D-4D20-8FE5-B0EE386F26BF}.Debug|Any CPU.ActiveCfg = Debug|Any CPU
		{27C633A2-FF1D-4D20-8FE5-B0EE386F26BF}.Debug|Any CPU.Build.0 = Debug|Any CPU
		{27C633A2-FF1D-4D20-8FE5-B0EE386F26BF}.Release|Any CPU.ActiveCfg = Release|Any CPU
		{27C633A2-FF1D-4D20-8FE5-B0EE386F26BF}.Release|Any CPU.Build.0 = Release|Any CPU
		{59439F41-4504-432D-9423-97EF72106832}.Debug|Any CPU.ActiveCfg = Debug|Any CPU
		{59439F41-4504-432D-9423-97EF72106832}.Debug|Any CPU.Build.0 = Debug|Any CPU
		{59439F41-4504-432D-9423-97EF72106832}.Release|Any CPU.ActiveCfg = Release|Any CPU
		{59439F41-4504-432D-9423-97EF72106832}.Release|Any CPU.Build.0 = Release|Any CPU
		{9008FB3B-DDD0-4405-B12E-C69673C86669}.Debug|Any CPU.ActiveCfg = Debug|Any CPU
		{9008FB3B-DDD0-4405-B12E-C69673C86669}.Debug|Any CPU.Build.0 = Debug|Any CPU
		{9008FB3B-DDD0-4405-B12E-C69673C86669}.Release|Any CPU.ActiveCfg = Release|Any CPU
		{9008FB3B-DDD0-4405-B12E-C69673C86669}.Release|Any CPU.Build.0 = Release|Any CPU
		{A545BA41-BF41-470F-BAE1-D8EEC409DB9F}.Debug|Any CPU.ActiveCfg = Debug|Any CPU
		{A545BA41-BF41-470F-BAE1-D8EEC409DB9F}.Debug|Any CPU.Build.0 = Debug|Any CPU
		{A545BA41-BF41-470F-BAE1-D8EEC409DB9F}.Release|Any CPU.ActiveCfg = Release|Any CPU
		{A545BA41-BF41-470F-BAE1-D8EEC409DB9F}.Release|Any CPU.Build.0 = Release|Any CPU
	EndGlobalSection
	GlobalSection(SolutionProperties) = preSolution
		HideSolutionNode = FALSE
	EndGlobalSection
	GlobalSection(NestedProjects) = preSolution
		{6C399508-DF6C-4D4D-85A0-A278ECE5A67C} = {E44FEAD1-B915-496C-A6F6-08740CFE8377}
		{D974A87F-A1B6-421A-A51E-6B3A7C7604E7} = {E44FEAD1-B915-496C-A6F6-08740CFE8377}
		{A9C4106C-E31E-44CF-991D-6BD50B5F072E} = {E44FEAD1-B915-496C-A6F6-08740CFE8377}
		{4A4C1761-72D2-46AD-A237-64020465B628} = {189C6515-9E39-4DC5-9EB3-551F60718014}
		{C00B1D55-E500-45D9-A31C-F9EA5B691281} = {189C6515-9E39-4DC5-9EB3-551F60718014}
		{0393D2BC-FEED-4AEE-8B2A-9B192A4BCE06} = {E44FEAD1-B915-496C-A6F6-08740CFE8377}
		{63743144-3D10-4C88-9A5A-C2757C95B369} = {189C6515-9E39-4DC5-9EB3-551F60718014}
		{27C633A2-FF1D-4D20-8FE5-B0EE386F26BF} = {20A8977F-0D09-432B-A355-770C91D55EB8}
		{59439F41-4504-432D-9423-97EF72106832} = {20A8977F-0D09-432B-A355-770C91D55EB8}
		{9008FB3B-DDD0-4405-B12E-C69673C86669} = {20A8977F-0D09-432B-A355-770C91D55EB8}
	EndGlobalSection
	GlobalSection(ExtensibilityGlobals) = postSolution
		SolutionGuid = {AE8E9276-BBD7-4E8F-8415-D54C6555496D}
	EndGlobalSection
EndGlobal
